
Microsoft Visual Studio Solution File, Format Version 12.00
# Visual Studio Version 17
VisualStudioVersion = 17.14.36221.1 d17.14
MinimumVisualStudioVersion = 10.0.40219.1
Project("{FAE04EC0-301F-11D3-BF4B-00C04F79EFBC}") = "VehicleLeasingApplication", "VehicleLeasingApplication.csproj", "{580CA727-1BD3-404F-89E9-C4110199DFE5}"
EndProject
Global
	GlobalSection(SolutionConfigurationPlatforms) = preSolution
		Debug|Any CPU = Debug|Any CPU
		Release|Any CPU = Release|Any CPU
	EndGlobalSection
	GlobalSection(ProjectConfigurationPlatforms) = postSolution
		{580CA727-1BD3-404F-89E9-C4110199DFE5}.Debug|Any CPU.ActiveCfg = Debug|Any CPU
		{580CA727-1BD3-404F-89E9-C4110199DFE5}.Debug|Any CPU.Build.0 = Debug|Any CPU
		{580CA727-1BD3-404F-89E9-C4110199DFE5}.Release|Any CPU.ActiveCfg = Release|Any CPU
		{580CA727-1BD3-404F-89E9-C4110199DFE5}.Release|Any CPU.Build.0 = Release|Any CPU
	EndGlobalSection
	GlobalSection(SolutionProperties) = preSolution
		HideSolutionNode = FALSE
	EndGlobalSection
	GlobalSection(ExtensibilityGlobals) = postSolution
		SolutionGuid = {50B579A0-B1F5-4B96-B79F-E2B9F727DF41}
	EndGlobalSection
EndGlobal
